
Microsoft Visual Studio Solution File, Format Version 12.00
# Visual Studio Version 17
VisualStudioVersion = 17.7.34009.444
MinimumVisualStudioVersion = 10.0.40219.1
Project("{9A19103F-16F7-4668-BE54-9A1E7A4F7556}") = "CompanyName.Core", "CompanyName.Core\CompanyName.Core.csproj", "{F4F49611-B06A-4D97-9401-7D975A624762}"
EndProject
Project("{9A19103F-16F7-4668-BE54-9A1E7A4F7556}") = "CompanyName.Operations", "CompanyName.Operations\CompanyName.Operations.csproj", "{78B51BC6-75E1-425F-B073-5836934A8E5A}"
EndProject
Project("{2150E333-8FDC-42A3-9474-1A3956D46DE8}") = "packages", "packages", "{A0B67C9F-663B-43AB-A240-8453E245BCA8}"
EndProject
Global
	GlobalSection(SolutionConfigurationPlatforms) = preSolution
		Debug|Any CPU = Debug|Any CPU
		Release|Any CPU = Release|Any CPU
	EndGlobalSection
	GlobalSection(ProjectConfigurationPlatforms) = postSolution
		{F4F49611-B06A-4D97-9401-7D975A624762}.Debug|Any CPU.ActiveCfg = Debug|Any CPU
		{F4F49611-B06A-4D97-9401-7D975A624762}.Debug|Any CPU.Build.0 = Debug|Any CPU
		{F4F49611-B06A-4D97-9401-7D975A624762}.Release|Any CPU.ActiveCfg = Release|Any CPU
		{F4F49611-B06A-4D97-9401-7D975A624762}.Release|Any CPU.Build.0 = Release|Any CPU
		{78B51BC6-75E1-425F-B073-5836934A8E5A}.Debug|Any CPU.ActiveCfg = Debug|Any CPU
		{78B51BC6-75E1-425F-B073-5836934A8E5A}.Debug|Any CPU.Build.0 = Debug|Any CPU
		{78B51BC6-75E1-425F-B073-5836934A8E5A}.Release|Any CPU.ActiveCfg = Release|Any CPU
		{78B51BC6-75E1-425F-B073-5836934A8E5A}.Release|Any CPU.Build.0 = Release|Any CPU
	EndGlobalSection
	GlobalSection(SolutionProperties) = preSolution
		HideSolutionNode = FALSE
	EndGlobalSection
	GlobalSection(ExtensibilityGlobals) = postSolution
		SolutionGuid = {8DEA328C-8E70-454D-B4CC-7202C80C0582}
	EndGlobalSection
EndGlobal
