
Microsoft Visual Studio Solution File, Format Version 12.00
# Visual Studio Version 17
VisualStudioVersion = 17.4.33213.308
MinimumVisualStudioVersion = 10.0.40219.1
Project("{9A19103F-16F7-4668-BE54-9A1E7A4F7556}") = "AtlConsultingIo.IntegrationOperations", "AtlConsultingIo.IntegrationOperations\AtlConsultingIo.IntegrationOperations.csproj", "{5FDF926A-C580-4A98-B323-7EBCED1DD4E6}"
EndProject
Project("{9A19103F-16F7-4668-BE54-9A1E7A4F7556}") = "AtlConsultingIo.IntegrationOperations.Tests", "AtlConsultingIo.IntegrationOperations.Tests\AtlConsultingIo.IntegrationOperations.Tests.csproj", "{36B83406-7657-4E14-9C86-9DC220FD6446}"
EndProject
Project("{9A19103F-16F7-4668-BE54-9A1E7A4F7556}") = "AtlConsultingIo.IntegrationOperations.TestConsole", "AtlConsultingIo.IntegrationOperations.TestConsole\AtlConsultingIo.IntegrationOperations.TestConsole.csproj", "{38C40B96-96E9-46B2-83DA-D0F0743040CA}"
EndProject
Project("{2150E333-8FDC-42A3-9474-1A3956D46DE8}") = ".solution", ".solution", "{B5FBED56-388A-4636-92D3-341A77D467B3}"
	ProjectSection(SolutionItems) = preProject
		.commit-msg = .commit-msg
		.gitignore = .gitignore
		nuget.config = nuget.config
		project.xml = project.xml
	EndProjectSection
EndProject
Global
	GlobalSection(SolutionConfigurationPlatforms) = preSolution
		Debug|Any CPU = Debug|Any CPU
		Release|Any CPU = Release|Any CPU
	EndGlobalSection
	GlobalSection(ProjectConfigurationPlatforms) = postSolution
		{5FDF926A-C580-4A98-B323-7EBCED1DD4E6}.Debug|Any CPU.ActiveCfg = Debug|Any CPU
		{5FDF926A-C580-4A98-B323-7EBCED1DD4E6}.Debug|Any CPU.Build.0 = Debug|Any CPU
		{5FDF926A-C580-4A98-B323-7EBCED1DD4E6}.Release|Any CPU.ActiveCfg = Release|Any CPU
		{5FDF926A-C580-4A98-B323-7EBCED1DD4E6}.Release|Any CPU.Build.0 = Release|Any CPU
		{36B83406-7657-4E14-9C86-9DC220FD6446}.Debug|Any CPU.ActiveCfg = Debug|Any CPU
		{36B83406-7657-4E14-9C86-9DC220FD6446}.Debug|Any CPU.Build.0 = Debug|Any CPU
		{36B83406-7657-4E14-9C86-9DC220FD6446}.Release|Any CPU.ActiveCfg = Release|Any CPU
		{36B83406-7657-4E14-9C86-9DC220FD6446}.Release|Any CPU.Build.0 = Release|Any CPU
		{38C40B96-96E9-46B2-83DA-D0F0743040CA}.Debug|Any CPU.ActiveCfg = Debug|Any CPU
		{38C40B96-96E9-46B2-83DA-D0F0743040CA}.Debug|Any CPU.Build.0 = Debug|Any CPU
		{38C40B96-96E9-46B2-83DA-D0F0743040CA}.Release|Any CPU.ActiveCfg = Release|Any CPU
		{38C40B96-96E9-46B2-83DA-D0F0743040CA}.Release|Any CPU.Build.0 = Release|Any CPU
	EndGlobalSection
	GlobalSection(SolutionProperties) = preSolution
		HideSolutionNode = FALSE
	EndGlobalSection
	GlobalSection(ExtensibilityGlobals) = postSolution
		SolutionGuid = {92FE1D76-201E-40F1-8850-58C8E76EC0F9}
	EndGlobalSection
EndGlobal
